// !$*UTF8*$!
{
	archiveVersion = 1;
	classes = {
	};
	objectVersion = 46;
	objects = {

/* Begin PBXBuildFile section */
		292090D82055731B0088821E /* 001_splash screen.jpg in Resources */ = {isa = PBXBuildFile; fileRef = 292090D72055731B0088821E /* 001_splash screen.jpg */; };
		29360C9120B8613100283D87 /* client_628114390774-ps3bah0jagd4pnm3aflmfije8rlr3r56.apps.googleusercontent.com.plist in Resources */ = {isa = PBXBuildFile; fileRef = 29360C9020B8613100283D87 /* client_628114390774-ps3bah0jagd4pnm3aflmfije8rlr3r56.apps.googleusercontent.com.plist */; };
		294B5C46205A964D00794D47 /* bannerImage.jpg in Resources */ = {isa = PBXBuildFile; fileRef = 294B5C45205A964D00794D47 /* bannerImage.jpg */; };
		294B5C4B205A9D2B00794D47 /* MenuListCollectCELL.m in Sources */ = {isa = PBXBuildFile; fileRef = 294B5C49205A9D2B00794D47 /* MenuListCollectCELL.m */; };
		294B5C4C205A9D2B00794D47 /* MenuListCollectCELL.xib in Resources */ = {isa = PBXBuildFile; fileRef = 294B5C4A205A9D2B00794D47 /* MenuListCollectCELL.xib */; };
		295CD5AB206A2725002129FD /* GalleryVW.m in Sources */ = {isa = PBXBuildFile; fileRef = 295CD5AA206A2725002129FD /* GalleryVW.m */; };
		295CD5AF206A27D1002129FD /* CVCell.m in Sources */ = {isa = PBXBuildFile; fileRef = 295CD5AD206A27D1002129FD /* CVCell.m */; };
		295CD5B0206A27D1002129FD /* CVCell.xib in Resources */ = {isa = PBXBuildFile; fileRef = 295CD5AE206A27D1002129FD /* CVCell.xib */; };
		295CD5B3206A27F6002129FD /* GalleryFullView.m in Sources */ = {isa = PBXBuildFile; fileRef = 295CD5B2206A27F6002129FD /* GalleryFullView.m */; };
		295E0730206F720F00BC4ADB /* ReservationVW.m in Sources */ = {isa = PBXBuildFile; fileRef = 295E072D206F720F00BC4ADB /* ReservationVW.m */; };
		295E0731206F720F00BC4ADB /* ReservationSubVW.m in Sources */ = {isa = PBXBuildFile; fileRef = 295E072F206F720F00BC4ADB /* ReservationSubVW.m */; };
		295E0734206F771800BC4ADB /* NewsVW.m in Sources */ = {isa = PBXBuildFile; fileRef = 295E0733206F771800BC4ADB /* NewsVW.m */; };
		295E0737206F772100BC4ADB /* NewsFullView.m in Sources */ = {isa = PBXBuildFile; fileRef = 295E0736206F772100BC4ADB /* NewsFullView.m */; };
		295E073B206F773D00BC4ADB /* NewsCell.m in Sources */ = {isa = PBXBuildFile; fileRef = 295E0739206F773D00BC4ADB /* NewsCell.m */; };
		295E073C206F773D00BC4ADB /* NewsCell.xib in Resources */ = {isa = PBXBuildFile; fileRef = 295E073A206F773D00BC4ADB /* NewsCell.xib */; };
		295E073E206F783B00BC4ADB /* testImage.jpg in Resources */ = {isa = PBXBuildFile; fileRef = 295E073D206F783B00BC4ADB /* testImage.jpg */; };
		295E0741206F943800BC4ADB /* VideoGallaryView.m in Sources */ = {isa = PBXBuildFile; fileRef = 295E0740206F943800BC4ADB /* VideoGallaryView.m */; };
		295E0744206F951C00BC4ADB /* VideoCell.m in Sources */ = {isa = PBXBuildFile; fileRef = 295E0742206F951C00BC4ADB /* VideoCell.m */; };
		295E0745206F951C00BC4ADB /* VideoCell.xib in Resources */ = {isa = PBXBuildFile; fileRef = 295E0743206F951C00BC4ADB /* VideoCell.xib */; };
		2968F8AC2070CDF2004B5960 /* ContactUSVW.m in Sources */ = {isa = PBXBuildFile; fileRef = 2968F8AB2070CDF2004B5960 /* ContactUSVW.m */; };
		2968F8AE2070CF23004B5960 /* contactusblur.jpg in Resources */ = {isa = PBXBuildFile; fileRef = 2968F8AD2070CF23004B5960 /* contactusblur.jpg */; };
		297D5EBC2056455400ED5428 /* StartUpVW.m in Sources */ = {isa = PBXBuildFile; fileRef = 297D5EBB2056455400ED5428 /* StartUpVW.m */; };
		297D5EBF2056493400ED5428 /* LoginVW.m in Sources */ = {isa = PBXBuildFile; fileRef = 297D5EBE2056493400ED5428 /* LoginVW.m */; };
		297D5EF620564FF300ED5428 /* ShowPassIcon.png in Resources */ = {isa = PBXBuildFile; fileRef = 297D5EF520564FF300ED5428 /* ShowPassIcon.png */; };
		297D5EF92056556000ED5428 /* RegisterVW.m in Sources */ = {isa = PBXBuildFile; fileRef = 297D5EF82056556000ED5428 /* RegisterVW.m */; };
		297D5F0520565F3A00ED5428 /* RECommonFunctions.m in Sources */ = {isa = PBXBuildFile; fileRef = 297D5EFC20565F3A00ED5428 /* RECommonFunctions.m */; };
		297D5F0620565F3A00ED5428 /* RESideMenu.m in Sources */ = {isa = PBXBuildFile; fileRef = 297D5EFE20565F3A00ED5428 /* RESideMenu.m */; };
		297D5F0720565F3A00ED5428 /* UIViewController+RESideMenu.m in Sources */ = {isa = PBXBuildFile; fileRef = 297D5F0020565F3A00ED5428 /* UIViewController+RESideMenu.m */; };
		297D5F0820565F3A00ED5428 /* DEMORootViewController.m in Sources */ = {isa = PBXBuildFile; fileRef = 297D5F0220565F3A00ED5428 /* DEMORootViewController.m */; };
		297D5F0920565F3A00ED5428 /* DEMOLeftMenuViewController.m in Sources */ = {isa = PBXBuildFile; fileRef = 297D5F0420565F3A00ED5428 /* DEMOLeftMenuViewController.m */; };
		297D5F0C205662DA00ED5428 /* HomeVC.m in Sources */ = {isa = PBXBuildFile; fileRef = 297D5F0B205662DA00ED5428 /* HomeVC.m */; };
		297D5F0E2056BF2A00ED5428 /* Main.storyboard in Resources */ = {isa = PBXBuildFile; fileRef = 297D5F0D2056BF2A00ED5428 /* Main.storyboard */; };
		298CD2B742089A26D28B12F9 /* libPods-SaltPepper.a in Frameworks */ = {isa = PBXBuildFile; fileRef = 1AC61B705EFD9F887970D0E9 /* libPods-SaltPepper.a */; settings = {ATTRIBUTES = (Weak, ); }; };
		5105385B20B88337003DF489 /* SharedClass.m in Sources */ = {isa = PBXBuildFile; fileRef = 5105385920B88336003DF489 /* SharedClass.m */; };
		51094AA020B71A0000A60634 /* EHHorizontalLineViewCell.m in Sources */ = {isa = PBXBuildFile; fileRef = 51094A9720B719FF00A60634 /* EHHorizontalLineViewCell.m */; };
		51094AA120B71A0000A60634 /* EHHorizontalSelectionView.m in Sources */ = {isa = PBXBuildFile; fileRef = 51094A9920B719FF00A60634 /* EHHorizontalSelectionView.m */; };
		51094AA220B71A0000A60634 /* EHHorizontalViewCell.m in Sources */ = {isa = PBXBuildFile; fileRef = 51094A9B20B719FF00A60634 /* EHHorizontalViewCell.m */; };
		51094AA320B71A0000A60634 /* EHRoundedHorizontalViewCell.m in Sources */ = {isa = PBXBuildFile; fileRef = 51094A9D20B719FF00A60634 /* EHRoundedHorizontalViewCell.m */; };
		51094AA420B71A0000A60634 /* EHHorizontalViewCell.xib in Resources */ = {isa = PBXBuildFile; fileRef = 51094A9F20B719FF00A60634 /* EHHorizontalViewCell.xib */; };
		51094AA720B71ADF00A60634 /* SlideMenuVC.m in Sources */ = {isa = PBXBuildFile; fileRef = 51094AA620B71ADF00A60634 /* SlideMenuVC.m */; };
		51094AAA20B7224800A60634 /* ItemCell.m in Sources */ = {isa = PBXBuildFile; fileRef = 51094AA920B7224800A60634 /* ItemCell.m */; };
		51094AAD20B72D7900A60634 /* ForgotPasswordVC.m in Sources */ = {isa = PBXBuildFile; fileRef = 51094AAC20B72D7900A60634 /* ForgotPasswordVC.m */; };
		5126749A20B9DBCC002321F7 /* CategoryItemCell.m in Sources */ = {isa = PBXBuildFile; fileRef = 5126749820B9DBCC002321F7 /* CategoryItemCell.m */; };
		5126749B20B9DBCC002321F7 /* CategoryItemCell.xib in Resources */ = {isa = PBXBuildFile; fileRef = 5126749920B9DBCC002321F7 /* CategoryItemCell.xib */; };
		B138A0C520B72D1900835899 /* OptionView.m in Sources */ = {isa = PBXBuildFile; fileRef = B138A0C420B72D1900835899 /* OptionView.m */; };
		B138A0C920B72F5600835899 /* OptionWithCell.m in Sources */ = {isa = PBXBuildFile; fileRef = B138A0C720B72F5600835899 /* OptionWithCell.m */; };
		B138A0CA20B72F5600835899 /* OptionWithCell.xib in Resources */ = {isa = PBXBuildFile; fileRef = B138A0C820B72F5600835899 /* OptionWithCell.xib */; };
		B14ECF9420B8883200286D46 /* ASJTag.m in Sources */ = {isa = PBXBuildFile; fileRef = B14ECF8F20B8883200286D46 /* ASJTag.m */; };
		B14ECF9520B8883200286D46 /* ASJTag.xib in Resources */ = {isa = PBXBuildFile; fileRef = B14ECF9020B8883200286D46 /* ASJTag.xib */; };
		B14ECF9620B8883200286D46 /* ASJTagsView.m in Sources */ = {isa = PBXBuildFile; fileRef = B14ECF9220B8883200286D46 /* ASJTagsView.m */; };
		B14ECF9720B8883200286D46 /* Resources.bundle in Resources */ = {isa = PBXBuildFile; fileRef = B14ECF9320B8883200286D46 /* Resources.bundle */; };
		B16C72AE20B97FFA0041C6B9 /* ProfileView.m in Sources */ = {isa = PBXBuildFile; fileRef = B16C72AD20B97FFA0041C6B9 /* ProfileView.m */; };
		B18E77FA2055143E00C50320 /* main.m in Sources */ = {isa = PBXBuildFile; fileRef = B18E77F92055143E00C50320 /* main.m */; };
		B18E77FD2055143E00C50320 /* AppDelegate.m in Sources */ = {isa = PBXBuildFile; fileRef = B18E77FC2055143E00C50320 /* AppDelegate.m */; };
		B18E78052055143E00C50320 /* Assets.xcassets in Resources */ = {isa = PBXBuildFile; fileRef = B18E78042055143E00C50320 /* Assets.xcassets */; };
		B18E78082055143E00C50320 /* LaunchScreen.storyboard in Resources */ = {isa = PBXBuildFile; fileRef = B18E78062055143E00C50320 /* LaunchScreen.storyboard */; };
		B1B7446120694F9400A2FE9C /* Utility.m in Sources */ = {isa = PBXBuildFile; fileRef = B1B7446020694F9400A2FE9C /* Utility.m */; };
		B1B744662069502A00A2FE9C /* Reachability.m in Sources */ = {isa = PBXBuildFile; fileRef = B1B744652069502A00A2FE9C /* Reachability.m */; settings = {COMPILER_FLAGS = "-fno-objc-arc"; }; };
		B1B9F1D520BA7E7A008D2FAD /* ASPopUpView.m in Sources */ = {isa = PBXBuildFile; fileRef = B1B9F1D220BA7E7A008D2FAD /* ASPopUpView.m */; };
		B1B9F1D620BA7E7A008D2FAD /* ASProgressPopUpView.m in Sources */ = {isa = PBXBuildFile; fileRef = B1B9F1D420BA7E7A008D2FAD /* ASProgressPopUpView.m */; };
/* End PBXBuildFile section */

/* Begin PBXFileReference section */
		1AC61B705EFD9F887970D0E9 /* libPods-SaltPepper.a */ = {isa = PBXFileReference; explicitFileType = archive.ar; includeInIndex = 0; path = "libPods-SaltPepper.a"; sourceTree = BUILT_PRODUCTS_DIR; };
		292090D72055731B0088821E /* 001_splash screen.jpg */ = {isa = PBXFileReference; lastKnownFileType = image.jpeg; path = "001_splash screen.jpg"; sourceTree = "<group>"; };
		29360C9020B8613100283D87 /* client_628114390774-ps3bah0jagd4pnm3aflmfije8rlr3r56.apps.googleusercontent.com.plist */ = {isa = PBXFileReference; fileEncoding = 4; lastKnownFileType = text.plist.xml; path = "client_628114390774-ps3bah0jagd4pnm3aflmfije8rlr3r56.apps.googleusercontent.com.plist"; sourceTree = "<group>"; };
		294B5C45205A964D00794D47 /* bannerImage.jpg */ = {isa = PBXFileReference; lastKnownFileType = image.jpeg; path = bannerImage.jpg; sourceTree = "<group>"; };
		294B5C48205A9D2B00794D47 /* MenuListCollectCELL.h */ = {isa = PBXFileReference; fileEncoding = 4; lastKnownFileType = sourcecode.c.h; path = MenuListCollectCELL.h; sourceTree = "<group>"; };
		294B5C49205A9D2B00794D47 /* MenuListCollectCELL.m */ = {isa = PBXFileReference; fileEncoding = 4; lastKnownFileType = sourcecode.c.objc; path = MenuListCollectCELL.m; sourceTree = "<group>"; };
		294B5C4A205A9D2B00794D47 /* MenuListCollectCELL.xib */ = {isa = PBXFileReference; fileEncoding = 4; lastKnownFileType = file.xib; path = MenuListCollectCELL.xib; sourceTree = "<group>"; };
		294B5C4D205A9F8800794D47 /* saltPepper.pch */ = {isa = PBXFileReference; fileEncoding = 4; lastKnownFileType = sourcecode.c.h; path = saltPepper.pch; sourceTree = "<group>"; };
		295CD5A9206A2725002129FD /* GalleryVW.h */ = {isa = PBXFileReference; fileEncoding = 4; lastKnownFileType = sourcecode.c.h; path = GalleryVW.h; sourceTree = "<group>"; };
		295CD5AA206A2725002129FD /* GalleryVW.m */ = {isa = PBXFileReference; fileEncoding = 4; lastKnownFileType = sourcecode.c.objc; path = GalleryVW.m; sourceTree = "<group>"; };
		295CD5AC206A27D1002129FD /* CVCell.h */ = {isa = PBXFileReference; fileEncoding = 4; lastKnownFileType = sourcecode.c.h; path = CVCell.h; sourceTree = "<group>"; };
		295CD5AD206A27D1002129FD /* CVCell.m */ = {isa = PBXFileReference; fileEncoding = 4; lastKnownFileType = sourcecode.c.objc; path = CVCell.m; sourceTree = "<group>"; };
		295CD5AE206A27D1002129FD /* CVCell.xib */ = {isa = PBXFileReference; fileEncoding = 4; lastKnownFileType = file.xib; path = CVCell.xib; sourceTree = "<group>"; };
		295CD5B1206A27F6002129FD /* GalleryFullView.h */ = {isa = PBXFileReference; fileEncoding = 4; lastKnownFileType = sourcecode.c.h; path = GalleryFullView.h; sourceTree = "<group>"; };
		295CD5B2206A27F6002129FD /* GalleryFullView.m */ = {isa = PBXFileReference; fileEncoding = 4; lastKnownFileType = sourcecode.c.objc; path = GalleryFullView.m; sourceTree = "<group>"; };
		295E072C206F720F00BC4ADB /* ReservationVW.h */ = {isa = PBXFileReference; fileEncoding = 4; lastKnownFileType = sourcecode.c.h; path = ReservationVW.h; sourceTree = "<group>"; };
		295E072D206F720F00BC4ADB /* ReservationVW.m */ = {isa = PBXFileReference; fileEncoding = 4; lastKnownFileType = sourcecode.c.objc; path = ReservationVW.m; sourceTree = "<group>"; };
		295E072E206F720F00BC4ADB /* ReservationSubVW.h */ = {isa = PBXFileReference; fileEncoding = 4; lastKnownFileType = sourcecode.c.h; path = ReservationSubVW.h; sourceTree = "<group>"; };
		295E072F206F720F00BC4ADB /* ReservationSubVW.m */ = {isa = PBXFileReference; fileEncoding = 4; lastKnownFileType = sourcecode.c.objc; path = ReservationSubVW.m; sourceTree = "<group>"; };
		295E0732206F771800BC4ADB /* NewsVW.h */ = {isa = PBXFileReference; fileEncoding = 4; lastKnownFileType = sourcecode.c.h; path = NewsVW.h; sourceTree = "<group>"; };
		295E0733206F771800BC4ADB /* NewsVW.m */ = {isa = PBXFileReference; fileEncoding = 4; lastKnownFileType = sourcecode.c.objc; path = NewsVW.m; sourceTree = "<group>"; };
		295E0735206F772100BC4ADB /* NewsFullView.h */ = {isa = PBXFileReference; fileEncoding = 4; lastKnownFileType = sourcecode.c.h; path = NewsFullView.h; sourceTree = "<group>"; };
		295E0736206F772100BC4ADB /* NewsFullView.m */ = {isa = PBXFileReference; fileEncoding = 4; lastKnownFileType = sourcecode.c.objc; path = NewsFullView.m; sourceTree = "<group>"; };
		295E0738206F773D00BC4ADB /* NewsCell.h */ = {isa = PBXFileReference; fileEncoding = 4; lastKnownFileType = sourcecode.c.h; path = NewsCell.h; sourceTree = "<group>"; };
		295E0739206F773D00BC4ADB /* NewsCell.m */ = {isa = PBXFileReference; fileEncoding = 4; lastKnownFileType = sourcecode.c.objc; path = NewsCell.m; sourceTree = "<group>"; };
		295E073A206F773D00BC4ADB /* NewsCell.xib */ = {isa = PBXFileReference; fileEncoding = 4; lastKnownFileType = file.xib; path = NewsCell.xib; sourceTree = "<group>"; };
		295E073D206F783B00BC4ADB /* testImage.jpg */ = {isa = PBXFileReference; lastKnownFileType = image.jpeg; path = testImage.jpg; sourceTree = "<group>"; };
		295E073F206F943800BC4ADB /* VideoGallaryView.h */ = {isa = PBXFileReference; fileEncoding = 4; lastKnownFileType = sourcecode.c.h; path = VideoGallaryView.h; sourceTree = "<group>"; };
		295E0740206F943800BC4ADB /* VideoGallaryView.m */ = {isa = PBXFileReference; fileEncoding = 4; lastKnownFileType = sourcecode.c.objc; path = VideoGallaryView.m; sourceTree = "<group>"; };
		295E0742206F951C00BC4ADB /* VideoCell.m */ = {isa = PBXFileReference; fileEncoding = 4; lastKnownFileType = sourcecode.c.objc; path = VideoCell.m; sourceTree = "<group>"; };
		295E0743206F951C00BC4ADB /* VideoCell.xib */ = {isa = PBXFileReference; fileEncoding = 4; lastKnownFileType = file.xib; path = VideoCell.xib; sourceTree = "<group>"; };
		295E0746206F955200BC4ADB /* VideoCell.h */ = {isa = PBXFileReference; fileEncoding = 4; lastKnownFileType = sourcecode.c.h; path = VideoCell.h; sourceTree = "<group>"; };
		2968F8AA2070CDF2004B5960 /* ContactUSVW.h */ = {isa = PBXFileReference; fileEncoding = 4; lastKnownFileType = sourcecode.c.h; path = ContactUSVW.h; sourceTree = "<group>"; };
		2968F8AB2070CDF2004B5960 /* ContactUSVW.m */ = {isa = PBXFileReference; fileEncoding = 4; lastKnownFileType = sourcecode.c.objc; path = ContactUSVW.m; sourceTree = "<group>"; };
		2968F8AD2070CF23004B5960 /* contactusblur.jpg */ = {isa = PBXFileReference; lastKnownFileType = image.jpeg; path = contactusblur.jpg; sourceTree = "<group>"; };
		297D5EBA2056455400ED5428 /* StartUpVW.h */ = {isa = PBXFileReference; fileEncoding = 4; lastKnownFileType = sourcecode.c.h; path = StartUpVW.h; sourceTree = "<group>"; };
		297D5EBB2056455400ED5428 /* StartUpVW.m */ = {isa = PBXFileReference; fileEncoding = 4; lastKnownFileType = sourcecode.c.objc; path = StartUpVW.m; sourceTree = "<group>"; };
		297D5EBD2056493400ED5428 /* LoginVW.h */ = {isa = PBXFileReference; fileEncoding = 4; lastKnownFileType = sourcecode.c.h; path = LoginVW.h; sourceTree = "<group>"; };
		297D5EBE2056493400ED5428 /* LoginVW.m */ = {isa = PBXFileReference; fileEncoding = 4; lastKnownFileType = sourcecode.c.objc; path = LoginVW.m; sourceTree = "<group>"; };
		297D5EF520564FF300ED5428 /* ShowPassIcon.png */ = {isa = PBXFileReference; lastKnownFileType = image.png; path = ShowPassIcon.png; sourceTree = "<group>"; };
		297D5EF72056556000ED5428 /* RegisterVW.h */ = {isa = PBXFileReference; fileEncoding = 4; lastKnownFileType = sourcecode.c.h; path = RegisterVW.h; sourceTree = "<group>"; };
		297D5EF82056556000ED5428 /* RegisterVW.m */ = {isa = PBXFileReference; fileEncoding = 4; lastKnownFileType = sourcecode.c.objc; path = RegisterVW.m; sourceTree = "<group>"; };
		297D5EFB20565F3A00ED5428 /* RECommonFunctions.h */ = {isa = PBXFileReference; fileEncoding = 4; lastKnownFileType = sourcecode.c.h; path = RECommonFunctions.h; sourceTree = "<group>"; };
		297D5EFC20565F3A00ED5428 /* RECommonFunctions.m */ = {isa = PBXFileReference; fileEncoding = 4; lastKnownFileType = sourcecode.c.objc; path = RECommonFunctions.m; sourceTree = "<group>"; };
		297D5EFD20565F3A00ED5428 /* RESideMenu.h */ = {isa = PBXFileReference; fileEncoding = 4; lastKnownFileType = sourcecode.c.h; path = RESideMenu.h; sourceTree = "<group>"; };
		297D5EFE20565F3A00ED5428 /* RESideMenu.m */ = {isa = PBXFileReference; fileEncoding = 4; lastKnownFileType = sourcecode.c.objc; path = RESideMenu.m; sourceTree = "<group>"; };
		297D5EFF20565F3A00ED5428 /* UIViewController+RESideMenu.h */ = {isa = PBXFileReference; fileEncoding = 4; lastKnownFileType = sourcecode.c.h; path = "UIViewController+RESideMenu.h"; sourceTree = "<group>"; };
		297D5F0020565F3A00ED5428 /* UIViewController+RESideMenu.m */ = {isa = PBXFileReference; fileEncoding = 4; lastKnownFileType = sourcecode.c.objc; path = "UIViewController+RESideMenu.m"; sourceTree = "<group>"; };
		297D5F0120565F3A00ED5428 /* DEMORootViewController.h */ = {isa = PBXFileReference; fileEncoding = 4; lastKnownFileType = sourcecode.c.h; path = DEMORootViewController.h; sourceTree = "<group>"; };
		297D5F0220565F3A00ED5428 /* DEMORootViewController.m */ = {isa = PBXFileReference; fileEncoding = 4; lastKnownFileType = sourcecode.c.objc; path = DEMORootViewController.m; sourceTree = "<group>"; };
		297D5F0320565F3A00ED5428 /* DEMOLeftMenuViewController.h */ = {isa = PBXFileReference; fileEncoding = 4; lastKnownFileType = sourcecode.c.h; path = DEMOLeftMenuViewController.h; sourceTree = "<group>"; };
		297D5F0420565F3A00ED5428 /* DEMOLeftMenuViewController.m */ = {isa = PBXFileReference; fileEncoding = 4; lastKnownFileType = sourcecode.c.objc; path = DEMOLeftMenuViewController.m; sourceTree = "<group>"; };
		297D5F0A205662DA00ED5428 /* HomeVC.h */ = {isa = PBXFileReference; fileEncoding = 4; lastKnownFileType = sourcecode.c.h; path = HomeVC.h; sourceTree = "<group>"; };
		297D5F0B205662DA00ED5428 /* HomeVC.m */ = {isa = PBXFileReference; fileEncoding = 4; lastKnownFileType = sourcecode.c.objc; path = HomeVC.m; sourceTree = "<group>"; };
		297D5F0D2056BF2A00ED5428 /* Main.storyboard */ = {isa = PBXFileReference; fileEncoding = 4; lastKnownFileType = file.storyboard; path = Main.storyboard; sourceTree = "<group>"; };
		3CD83B87AB40AD090BA3594E /* Pods-SaltPepper.debug.xcconfig */ = {isa = PBXFileReference; includeInIndex = 1; lastKnownFileType = text.xcconfig; name = "Pods-SaltPepper.debug.xcconfig"; path = "Pods/Target Support Files/Pods-SaltPepper/Pods-SaltPepper.debug.xcconfig"; sourceTree = "<group>"; };
		5105385920B88336003DF489 /* SharedClass.m */ = {isa = PBXFileReference; fileEncoding = 4; lastKnownFileType = sourcecode.c.objc; path = SharedClass.m; sourceTree = "<group>"; };
		5105385A20B88336003DF489 /* SharedClass.h */ = {isa = PBXFileReference; fileEncoding = 4; lastKnownFileType = sourcecode.c.h; path = SharedClass.h; sourceTree = "<group>"; };
		51094A9620B719FF00A60634 /* EHHorizontalLineViewCell.h */ = {isa = PBXFileReference; fileEncoding = 4; lastKnownFileType = sourcecode.c.h; path = EHHorizontalLineViewCell.h; sourceTree = "<group>"; };
		51094A9720B719FF00A60634 /* EHHorizontalLineViewCell.m */ = {isa = PBXFileReference; fileEncoding = 4; lastKnownFileType = sourcecode.c.objc; path = EHHorizontalLineViewCell.m; sourceTree = "<group>"; };
		51094A9820B719FF00A60634 /* EHHorizontalSelectionView.h */ = {isa = PBXFileReference; fileEncoding = 4; lastKnownFileType = sourcecode.c.h; path = EHHorizontalSelectionView.h; sourceTree = "<group>"; };
		51094A9920B719FF00A60634 /* EHHorizontalSelectionView.m */ = {isa = PBXFileReference; fileEncoding = 4; lastKnownFileType = sourcecode.c.objc; path = EHHorizontalSelectionView.m; sourceTree = "<group>"; };
		51094A9A20B719FF00A60634 /* EHHorizontalViewCell.h */ = {isa = PBXFileReference; fileEncoding = 4; lastKnownFileType = sourcecode.c.h; path = EHHorizontalViewCell.h; sourceTree = "<group>"; };
		51094A9B20B719FF00A60634 /* EHHorizontalViewCell.m */ = {isa = PBXFileReference; fileEncoding = 4; lastKnownFileType = sourcecode.c.objc; path = EHHorizontalViewCell.m; sourceTree = "<group>"; };
		51094A9C20B719FF00A60634 /* EHRoundedHorizontalViewCell.h */ = {isa = PBXFileReference; fileEncoding = 4; lastKnownFileType = sourcecode.c.h; path = EHRoundedHorizontalViewCell.h; sourceTree = "<group>"; };
		51094A9D20B719FF00A60634 /* EHRoundedHorizontalViewCell.m */ = {isa = PBXFileReference; fileEncoding = 4; lastKnownFileType = sourcecode.c.objc; path = EHRoundedHorizontalViewCell.m; sourceTree = "<group>"; };
		51094A9F20B719FF00A60634 /* EHHorizontalViewCell.xib */ = {isa = PBXFileReference; fileEncoding = 4; lastKnownFileType = file.xib; path = EHHorizontalViewCell.xib; sourceTree = "<group>"; };
		51094AA520B71ADF00A60634 /* SlideMenuVC.h */ = {isa = PBXFileReference; lastKnownFileType = sourcecode.c.h; path = SlideMenuVC.h; sourceTree = "<group>"; };
		51094AA620B71ADF00A60634 /* SlideMenuVC.m */ = {isa = PBXFileReference; lastKnownFileType = sourcecode.c.objc; path = SlideMenuVC.m; sourceTree = "<group>"; };
		51094AA820B7224800A60634 /* ItemCell.h */ = {isa = PBXFileReference; lastKnownFileType = sourcecode.c.h; path = ItemCell.h; sourceTree = "<group>"; };
		51094AA920B7224800A60634 /* ItemCell.m */ = {isa = PBXFileReference; lastKnownFileType = sourcecode.c.objc; path = ItemCell.m; sourceTree = "<group>"; };
		51094AAB20B72D7900A60634 /* ForgotPasswordVC.h */ = {isa = PBXFileReference; lastKnownFileType = sourcecode.c.h; path = ForgotPasswordVC.h; sourceTree = "<group>"; };
		51094AAC20B72D7900A60634 /* ForgotPasswordVC.m */ = {isa = PBXFileReference; lastKnownFileType = sourcecode.c.objc; path = ForgotPasswordVC.m; sourceTree = "<group>"; };
		5126749720B9DBCC002321F7 /* CategoryItemCell.h */ = {isa = PBXFileReference; lastKnownFileType = sourcecode.c.h; path = CategoryItemCell.h; sourceTree = "<group>"; };
		5126749820B9DBCC002321F7 /* CategoryItemCell.m */ = {isa = PBXFileReference; lastKnownFileType = sourcecode.c.objc; path = CategoryItemCell.m; sourceTree = "<group>"; };
		5126749920B9DBCC002321F7 /* CategoryItemCell.xib */ = {isa = PBXFileReference; lastKnownFileType = file.xib; path = CategoryItemCell.xib; sourceTree = "<group>"; };
		B138A0C320B72D1900835899 /* OptionView.h */ = {isa = PBXFileReference; fileEncoding = 4; lastKnownFileType = sourcecode.c.h; path = OptionView.h; sourceTree = "<group>"; };
		B138A0C420B72D1900835899 /* OptionView.m */ = {isa = PBXFileReference; fileEncoding = 4; lastKnownFileType = sourcecode.c.objc; path = OptionView.m; sourceTree = "<group>"; };
		B138A0C620B72F5600835899 /* OptionWithCell.h */ = {isa = PBXFileReference; fileEncoding = 4; lastKnownFileType = sourcecode.c.h; path = OptionWithCell.h; sourceTree = "<group>"; };
		B138A0C720B72F5600835899 /* OptionWithCell.m */ = {isa = PBXFileReference; fileEncoding = 4; lastKnownFileType = sourcecode.c.objc; path = OptionWithCell.m; sourceTree = "<group>"; };
		B138A0C820B72F5600835899 /* OptionWithCell.xib */ = {isa = PBXFileReference; fileEncoding = 4; lastKnownFileType = file.xib; path = OptionWithCell.xib; sourceTree = "<group>"; };
		B14ECF8E20B8883200286D46 /* ASJTag.h */ = {isa = PBXFileReference; fileEncoding = 4; lastKnownFileType = sourcecode.c.h; path = ASJTag.h; sourceTree = "<group>"; };
		B14ECF8F20B8883200286D46 /* ASJTag.m */ = {isa = PBXFileReference; fileEncoding = 4; lastKnownFileType = sourcecode.c.objc; path = ASJTag.m; sourceTree = "<group>"; };
		B14ECF9020B8883200286D46 /* ASJTag.xib */ = {isa = PBXFileReference; fileEncoding = 4; lastKnownFileType = file.xib; path = ASJTag.xib; sourceTree = "<group>"; };
		B14ECF9120B8883200286D46 /* ASJTagsView.h */ = {isa = PBXFileReference; fileEncoding = 4; lastKnownFileType = sourcecode.c.h; path = ASJTagsView.h; sourceTree = "<group>"; };
		B14ECF9220B8883200286D46 /* ASJTagsView.m */ = {isa = PBXFileReference; fileEncoding = 4; lastKnownFileType = sourcecode.c.objc; path = ASJTagsView.m; sourceTree = "<group>"; };
		B14ECF9320B8883200286D46 /* Resources.bundle */ = {isa = PBXFileReference; lastKnownFileType = "wrapper.plug-in"; path = Resources.bundle; sourceTree = "<group>"; };
		B16C72AC20B97FFA0041C6B9 /* ProfileView.h */ = {isa = PBXFileReference; fileEncoding = 4; lastKnownFileType = sourcecode.c.h; path = ProfileView.h; sourceTree = "<group>"; };
		B16C72AD20B97FFA0041C6B9 /* ProfileView.m */ = {isa = PBXFileReference; fileEncoding = 4; lastKnownFileType = sourcecode.c.objc; path = ProfileView.m; sourceTree = "<group>"; };
		B18E77F52055143E00C50320 /* SaltPepper.app */ = {isa = PBXFileReference; explicitFileType = wrapper.application; includeInIndex = 0; path = SaltPepper.app; sourceTree = BUILT_PRODUCTS_DIR; };
		B18E77F92055143E00C50320 /* main.m */ = {isa = PBXFileReference; lastKnownFileType = sourcecode.c.objc; path = main.m; sourceTree = "<group>"; };
		B18E77FB2055143E00C50320 /* AppDelegate.h */ = {isa = PBXFileReference; lastKnownFileType = sourcecode.c.h; path = AppDelegate.h; sourceTree = "<group>"; };
		B18E77FC2055143E00C50320 /* AppDelegate.m */ = {isa = PBXFileReference; lastKnownFileType = sourcecode.c.objc; path = AppDelegate.m; sourceTree = "<group>"; };
		B18E78042055143E00C50320 /* Assets.xcassets */ = {isa = PBXFileReference; lastKnownFileType = folder.assetcatalog; path = Assets.xcassets; sourceTree = "<group>"; };
		B18E78072055143E00C50320 /* Base */ = {isa = PBXFileReference; lastKnownFileType = file.storyboard; name = Base; path = Base.lproj/LaunchScreen.storyboard; sourceTree = "<group>"; };
		B18E78092055143E00C50320 /* Info.plist */ = {isa = PBXFileReference; lastKnownFileType = text.plist.xml; path = Info.plist; sourceTree = "<group>"; };
		B1B7445F20694F9400A2FE9C /* Utility.h */ = {isa = PBXFileReference; fileEncoding = 4; lastKnownFileType = sourcecode.c.h; path = Utility.h; sourceTree = "<group>"; };
		B1B7446020694F9400A2FE9C /* Utility.m */ = {isa = PBXFileReference; fileEncoding = 4; lastKnownFileType = sourcecode.c.objc; path = Utility.m; sourceTree = "<group>"; };
		B1B744642069502A00A2FE9C /* Reachability.h */ = {isa = PBXFileReference; fileEncoding = 4; lastKnownFileType = sourcecode.c.h; path = Reachability.h; sourceTree = "<group>"; };
		B1B744652069502A00A2FE9C /* Reachability.m */ = {isa = PBXFileReference; fileEncoding = 4; lastKnownFileType = sourcecode.c.objc; path = Reachability.m; sourceTree = "<group>"; };
		B1B9F1D120BA7E7A008D2FAD /* ASPopUpView.h */ = {isa = PBXFileReference; fileEncoding = 4; lastKnownFileType = sourcecode.c.h; path = ASPopUpView.h; sourceTree = "<group>"; };
		B1B9F1D220BA7E7A008D2FAD /* ASPopUpView.m */ = {isa = PBXFileReference; fileEncoding = 4; lastKnownFileType = sourcecode.c.objc; path = ASPopUpView.m; sourceTree = "<group>"; };
		B1B9F1D320BA7E7A008D2FAD /* ASProgressPopUpView.h */ = {isa = PBXFileReference; fileEncoding = 4; lastKnownFileType = sourcecode.c.h; path = ASProgressPopUpView.h; sourceTree = "<group>"; };
		B1B9F1D420BA7E7A008D2FAD /* ASProgressPopUpView.m */ = {isa = PBXFileReference; fileEncoding = 4; lastKnownFileType = sourcecode.c.objc; path = ASProgressPopUpView.m; sourceTree = "<group>"; };
		EB4D7B11EDDF068EAB13BA59 /* Pods-SaltPepper.release.xcconfig */ = {isa = PBXFileReference; includeInIndex = 1; lastKnownFileType = text.xcconfig; name = "Pods-SaltPepper.release.xcconfig"; path = "Pods/Target Support Files/Pods-SaltPepper/Pods-SaltPepper.release.xcconfig"; sourceTree = "<group>"; };
/* End PBXFileReference section */

/* Begin PBXFrameworksBuildPhase section */
		B18E77F22055143D00C50320 /* Frameworks */ = {
			isa = PBXFrameworksBuildPhase;
			buildActionMask = 2147483647;
			files = (
				298CD2B742089A26D28B12F9 /* libPods-SaltPepper.a in Frameworks */,
			);
			runOnlyForDeploymentPostprocessing = 0;
		};
/* End PBXFrameworksBuildPhase section */

/* Begin PBXGroup section */
		294B5C47205A9CF700794D47 /* CollectionCell */ = {
			isa = PBXGroup;
			children = (
				294B5C48205A9D2B00794D47 /* MenuListCollectCELL.h */,
				294B5C49205A9D2B00794D47 /* MenuListCollectCELL.m */,
				294B5C4A205A9D2B00794D47 /* MenuListCollectCELL.xib */,
				295CD5AC206A27D1002129FD /* CVCell.h */,
				295CD5AD206A27D1002129FD /* CVCell.m */,
				295CD5AE206A27D1002129FD /* CVCell.xib */,
				295E0738206F773D00BC4ADB /* NewsCell.h */,
				295E0739206F773D00BC4ADB /* NewsCell.m */,
				295E073A206F773D00BC4ADB /* NewsCell.xib */,
				295E0746206F955200BC4ADB /* VideoCell.h */,
				295E0742206F951C00BC4ADB /* VideoCell.m */,
				295E0743206F951C00BC4ADB /* VideoCell.xib */,
				B138A0C620B72F5600835899 /* OptionWithCell.h */,
				B138A0C720B72F5600835899 /* OptionWithCell.m */,
				B138A0C820B72F5600835899 /* OptionWithCell.xib */,
				5126749720B9DBCC002321F7 /* CategoryItemCell.h */,
				5126749820B9DBCC002321F7 /* CategoryItemCell.m */,
				5126749920B9DBCC002321F7 /* CategoryItemCell.xib */,
			);
			name = CollectionCell;
			sourceTree = "<group>";
		};
		2962DDBF20B543B40086540A /* AFNetworking */ = {
			isa = PBXGroup;
			children = (
			);
			name = AFNetworking;
			sourceTree = "<group>";
		};
		297D5EF420564FDF00ED5428 /* Images */ = {
			isa = PBXGroup;
			children = (
				2968F8AD2070CF23004B5960 /* contactusblur.jpg */,
				295E073D206F783B00BC4ADB /* testImage.jpg */,
				297D5EF520564FF300ED5428 /* ShowPassIcon.png */,
				294B5C45205A964D00794D47 /* bannerImage.jpg */,
				292090D72055731B0088821E /* 001_splash screen.jpg */,
			);
			name = Images;
			sourceTree = "<group>";
		};
		297D5EFA20565F2800ED5428 /* Menu */ = {
			isa = PBXGroup;
			children = (
				297D5EFB20565F3A00ED5428 /* RECommonFunctions.h */,
				297D5EFC20565F3A00ED5428 /* RECommonFunctions.m */,
				297D5EFD20565F3A00ED5428 /* RESideMenu.h */,
				297D5EFE20565F3A00ED5428 /* RESideMenu.m */,
				297D5EFF20565F3A00ED5428 /* UIViewController+RESideMenu.h */,
				297D5F0020565F3A00ED5428 /* UIViewController+RESideMenu.m */,
				297D5F0120565F3A00ED5428 /* DEMORootViewController.h */,
				297D5F0220565F3A00ED5428 /* DEMORootViewController.m */,
				297D5F0320565F3A00ED5428 /* DEMOLeftMenuViewController.h */,
				297D5F0420565F3A00ED5428 /* DEMOLeftMenuViewController.m */,
			);
			name = Menu;
			sourceTree = "<group>";
		};
		4A5E96385DC84022D081D36C /* Pods */ = {
			isa = PBXGroup;
			children = (
				3CD83B87AB40AD090BA3594E /* Pods-SaltPepper.debug.xcconfig */,
				EB4D7B11EDDF068EAB13BA59 /* Pods-SaltPepper.release.xcconfig */,
			);
			name = Pods;
			sourceTree = "<group>";
		};
		51094A9520B719FF00A60634 /* EHHorizontalSelectionView */ = {
			isa = PBXGroup;
			children = (
				51094A9620B719FF00A60634 /* EHHorizontalLineViewCell.h */,
				51094A9720B719FF00A60634 /* EHHorizontalLineViewCell.m */,
				51094A9820B719FF00A60634 /* EHHorizontalSelectionView.h */,
				51094A9920B719FF00A60634 /* EHHorizontalSelectionView.m */,
				51094A9A20B719FF00A60634 /* EHHorizontalViewCell.h */,
				51094A9B20B719FF00A60634 /* EHHorizontalViewCell.m */,
				51094A9C20B719FF00A60634 /* EHRoundedHorizontalViewCell.h */,
				51094A9D20B719FF00A60634 /* EHRoundedHorizontalViewCell.m */,
				51094A9E20B719FF00A60634 /* xibs */,
			);
			path = EHHorizontalSelectionView;
			sourceTree = "<group>";
		};
		51094A9E20B719FF00A60634 /* xibs */ = {
			isa = PBXGroup;
			children = (
				51094A9F20B719FF00A60634 /* EHHorizontalViewCell.xib */,
			);
			path = xibs;
			sourceTree = "<group>";
		};
		9525E4C091C28F81B770AB05 /* Frameworks */ = {
			isa = PBXGroup;
			children = (
				1AC61B705EFD9F887970D0E9 /* libPods-SaltPepper.a */,
			);
			name = Frameworks;
			sourceTree = "<group>";
		};
		B14ECF8D20B8883200286D46 /* ASJTagsView */ = {
			isa = PBXGroup;
			children = (
				B14ECF8E20B8883200286D46 /* ASJTag.h */,
				B14ECF8F20B8883200286D46 /* ASJTag.m */,
				B14ECF9020B8883200286D46 /* ASJTag.xib */,
				B14ECF9120B8883200286D46 /* ASJTagsView.h */,
				B14ECF9220B8883200286D46 /* ASJTagsView.m */,
				B14ECF9320B8883200286D46 /* Resources.bundle */,
			);
			path = ASJTagsView;
			sourceTree = "<group>";
		};
		B18E77EC2055143D00C50320 = {
			isa = PBXGroup;
			children = (
				B18E77F72055143E00C50320 /* SaltPepper */,
				B18E77F62055143E00C50320 /* Products */,
				4A5E96385DC84022D081D36C /* Pods */,
				9525E4C091C28F81B770AB05 /* Frameworks */,
			);
			sourceTree = "<group>";
		};
		B18E77F62055143E00C50320 /* Products */ = {
			isa = PBXGroup;
			children = (
				B18E77F52055143E00C50320 /* SaltPepper.app */,
			);
			name = Products;
			sourceTree = "<group>";
		};
		B18E77F72055143E00C50320 /* SaltPepper */ = {
			isa = PBXGroup;
			children = (
				29360C9020B8613100283D87 /* client_628114390774-ps3bah0jagd4pnm3aflmfije8rlr3r56.apps.googleusercontent.com.plist */,
				B1B9F1D020BA7E7A008D2FAD /* ASProgressPopUpView */,
				B14ECF8D20B8883200286D46 /* ASJTagsView */,
				B1B7446220694FA900A2FE9C /* GlobalFiles */,
				294B5C47205A9CF700794D47 /* CollectionCell */,
				51094A9520B719FF00A60634 /* EHHorizontalSelectionView */,
				297D5EFA20565F2800ED5428 /* Menu */,
				B18E77FB2055143E00C50320 /* AppDelegate.h */,
				B18E77FC2055143E00C50320 /* AppDelegate.m */,
				51094AA520B71ADF00A60634 /* SlideMenuVC.h */,
				51094AA620B71ADF00A60634 /* SlideMenuVC.m */,
				51094AA820B7224800A60634 /* ItemCell.h */,
				51094AA920B7224800A60634 /* ItemCell.m */,
				297D5EBA2056455400ED5428 /* StartUpVW.h */,
				297D5EBB2056455400ED5428 /* StartUpVW.m */,
				297D5EBD2056493400ED5428 /* LoginVW.h */,
				297D5EBE2056493400ED5428 /* LoginVW.m */,
				51094AAB20B72D7900A60634 /* ForgotPasswordVC.h */,
				51094AAC20B72D7900A60634 /* ForgotPasswordVC.m */,
				297D5EF72056556000ED5428 /* RegisterVW.h */,
				297D5EF82056556000ED5428 /* RegisterVW.m */,
				297D5F0A205662DA00ED5428 /* HomeVC.h */,
				297D5F0B205662DA00ED5428 /* HomeVC.m */,
				295E072C206F720F00BC4ADB /* ReservationVW.h */,
				295E072D206F720F00BC4ADB /* ReservationVW.m */,
				295E072E206F720F00BC4ADB /* ReservationSubVW.h */,
				295E072F206F720F00BC4ADB /* ReservationSubVW.m */,
				295CD5A9206A2725002129FD /* GalleryVW.h */,
				295CD5AA206A2725002129FD /* GalleryVW.m */,
				295CD5B1206A27F6002129FD /* GalleryFullView.h */,
				295CD5B2206A27F6002129FD /* GalleryFullView.m */,
				295E0732206F771800BC4ADB /* NewsVW.h */,
				295E0733206F771800BC4ADB /* NewsVW.m */,
				295E0735206F772100BC4ADB /* NewsFullView.h */,
				295E0736206F772100BC4ADB /* NewsFullView.m */,
				295E073F206F943800BC4ADB /* VideoGallaryView.h */,
				295E0740206F943800BC4ADB /* VideoGallaryView.m */,
				2968F8AA2070CDF2004B5960 /* ContactUSVW.h */,
				2968F8AB2070CDF2004B5960 /* ContactUSVW.m */,
				B138A0C320B72D1900835899 /* OptionView.h */,
				B138A0C420B72D1900835899 /* OptionView.m */,
				B16C72AC20B97FFA0041C6B9 /* ProfileView.h */,
				B16C72AD20B97FFA0041C6B9 /* ProfileView.m */,
				297D5F0D2056BF2A00ED5428 /* Main.storyboard */,
				294B5C4D205A9F8800794D47 /* saltPepper.pch */,
				2962DDBF20B543B40086540A /* AFNetworking */,
				297D5EF420564FDF00ED5428 /* Images */,
				B18E78042055143E00C50320 /* Assets.xcassets */,
				B18E78062055143E00C50320 /* LaunchScreen.storyboard */,
				B18E78092055143E00C50320 /* Info.plist */,
				B18E77F82055143E00C50320 /* Supporting Files */,
			);
			path = SaltPepper;
			sourceTree = "<group>";
		};
		B18E77F82055143E00C50320 /* Supporting Files */ = {
			isa = PBXGroup;
			children = (
				B18E77F92055143E00C50320 /* main.m */,
			);
			name = "Supporting Files";
			sourceTree = "<group>";
		};
		B1B7446220694FA900A2FE9C /* GlobalFiles */ = {
			isa = PBXGroup;
			children = (
				B1B744632069502A00A2FE9C /* Reachability */,
				B1B7445F20694F9400A2FE9C /* Utility.h */,
				B1B7446020694F9400A2FE9C /* Utility.m */,
				5105385A20B88336003DF489 /* SharedClass.h */,
				5105385920B88336003DF489 /* SharedClass.m */,
			);
			name = GlobalFiles;
			sourceTree = "<group>";
		};
		B1B744632069502A00A2FE9C /* Reachability */ = {
			isa = PBXGroup;
			children = (
				B1B744642069502A00A2FE9C /* Reachability.h */,
				B1B744652069502A00A2FE9C /* Reachability.m */,
			);
			path = Reachability;
			sourceTree = "<group>";
		};
		B1B9F1D020BA7E7A008D2FAD /* ASProgressPopUpView */ = {
			isa = PBXGroup;
			children = (
				B1B9F1D120BA7E7A008D2FAD /* ASPopUpView.h */,
				B1B9F1D220BA7E7A008D2FAD /* ASPopUpView.m */,
				B1B9F1D320BA7E7A008D2FAD /* ASProgressPopUpView.h */,
				B1B9F1D420BA7E7A008D2FAD /* ASProgressPopUpView.m */,
			);
			path = ASProgressPopUpView;
			sourceTree = "<group>";
		};
/* End PBXGroup section */

/* Begin PBXNativeTarget section */
		B18E77F42055143D00C50320 /* SaltPepper */ = {
			isa = PBXNativeTarget;
			buildConfigurationList = B18E780C2055143E00C50320 /* Build configuration list for PBXNativeTarget "SaltPepper" */;
			buildPhases = (
				DD51F595F466384CA683F185 /* [CP] Check Pods Manifest.lock */,
				B18E77F12055143D00C50320 /* Sources */,
				B18E77F22055143D00C50320 /* Frameworks */,
				B18E77F32055143D00C50320 /* Resources */,
				A43F32F6E9ADA9BAC120A6E1 /* [CP] Copy Pods Resources */,
			);
			buildRules = (
			);
			dependencies = (
			);
			name = SaltPepper;
			productName = SaltPepper;
			productReference = B18E77F52055143E00C50320 /* SaltPepper.app */;
			productType = "com.apple.product-type.application";
		};
/* End PBXNativeTarget section */

/* Begin PBXProject section */
		B18E77ED2055143D00C50320 /* Project object */ = {
			isa = PBXProject;
			attributes = {
				LastUpgradeCheck = 0830;
				ORGANIZATIONNAME = kaushik;
				TargetAttributes = {
					B18E77F42055143D00C50320 = {
						CreatedOnToolsVersion = 8.3.3;
						ProvisioningStyle = Manual;
					};
				};
			};
			buildConfigurationList = B18E77F02055143D00C50320 /* Build configuration list for PBXProject "SaltPepper" */;
			compatibilityVersion = "Xcode 3.2";
			developmentRegion = English;
			hasScannedForEncodings = 0;
			knownRegions = (
				en,
				Base,
			);
			mainGroup = B18E77EC2055143D00C50320;
			productRefGroup = B18E77F62055143E00C50320 /* Products */;
			projectDirPath = "";
			projectRoot = "";
			targets = (
				B18E77F42055143D00C50320 /* SaltPepper */,
			);
		};
/* End PBXProject section */

/* Begin PBXResourcesBuildPhase section */
		B18E77F32055143D00C50320 /* Resources */ = {
			isa = PBXResourcesBuildPhase;
			buildActionMask = 2147483647;
			files = (
				B18E78082055143E00C50320 /* LaunchScreen.storyboard in Resources */,
				297D5EF620564FF300ED5428 /* ShowPassIcon.png in Resources */,
				2968F8AE2070CF23004B5960 /* contactusblur.jpg in Resources */,
				295E0745206F951C00BC4ADB /* VideoCell.xib in Resources */,
				297D5F0E2056BF2A00ED5428 /* Main.storyboard in Resources */,
				B14ECF9520B8883200286D46 /* ASJTag.xib in Resources */,
				B18E78052055143E00C50320 /* Assets.xcassets in Resources */,
				295CD5B0206A27D1002129FD /* CVCell.xib in Resources */,
				29360C9120B8613100283D87 /* client_628114390774-ps3bah0jagd4pnm3aflmfije8rlr3r56.apps.googleusercontent.com.plist in Resources */,
				292090D82055731B0088821E /* 001_splash screen.jpg in Resources */,
				B14ECF9720B8883200286D46 /* Resources.bundle in Resources */,
				295E073C206F773D00BC4ADB /* NewsCell.xib in Resources */,
				5126749B20B9DBCC002321F7 /* CategoryItemCell.xib in Resources */,
				51094AA420B71A0000A60634 /* EHHorizontalViewCell.xib in Resources */,
				294B5C46205A964D00794D47 /* bannerImage.jpg in Resources */,
				294B5C4C205A9D2B00794D47 /* MenuListCollectCELL.xib in Resources */,
				295E073E206F783B00BC4ADB /* testImage.jpg in Resources */,
				B138A0CA20B72F5600835899 /* OptionWithCell.xib in Resources */,
			);
			runOnlyForDeploymentPostprocessing = 0;
		};
/* End PBXResourcesBuildPhase section */

/* Begin PBXShellScriptBuildPhase section */
		A43F32F6E9ADA9BAC120A6E1 /* [CP] Copy Pods Resources */ = {
			isa = PBXShellScriptBuildPhase;
			buildActionMask = 2147483647;
			files = (
			);
			inputPaths = (
				"${SRCROOT}/Pods/Target Support Files/Pods-SaltPepper/Pods-SaltPepper-resources.sh",
				"${PODS_ROOT}/GTMOAuth2/Source/Touch/GTMOAuth2ViewTouch.xib",
				"${PODS_ROOT}/GoogleSignIn/Resources/GoogleSignIn.bundle",
				"${PODS_ROOT}/IQKeyboardManager/IQKeyboardManager/Resources/IQKeyboardManager.bundle",
			);
			name = "[CP] Copy Pods Resources";
			outputPaths = (
				"${TARGET_BUILD_DIR}/${UNLOCALIZED_RESOURCES_FOLDER_PATH}/GTMOAuth2ViewTouch.nib",
				"${TARGET_BUILD_DIR}/${UNLOCALIZED_RESOURCES_FOLDER_PATH}/GoogleSignIn.bundle",
				"${TARGET_BUILD_DIR}/${UNLOCALIZED_RESOURCES_FOLDER_PATH}/IQKeyboardManager.bundle",
			);
			runOnlyForDeploymentPostprocessing = 0;
			shellPath = /bin/sh;
			shellScript = "\"${SRCROOT}/Pods/Target Support Files/Pods-SaltPepper/Pods-SaltPepper-resources.sh\"\n";
			showEnvVarsInLog = 0;
		};
		DD51F595F466384CA683F185 /* [CP] Check Pods Manifest.lock */ = {
			isa = PBXShellScriptBuildPhase;
			buildActionMask = 2147483647;
			files = (
			);
			inputPaths = (
				"${PODS_PODFILE_DIR_PATH}/Podfile.lock",
				"${PODS_ROOT}/Manifest.lock",
			);
			name = "[CP] Check Pods Manifest.lock";
			outputPaths = (
				"$(DERIVED_FILE_DIR)/Pods-SaltPepper-checkManifestLockResult.txt",
			);
			runOnlyForDeploymentPostprocessing = 0;
			shellPath = /bin/sh;
			shellScript = "diff \"${PODS_PODFILE_DIR_PATH}/Podfile.lock\" \"${PODS_ROOT}/Manifest.lock\" > /dev/null\nif [ $? != 0 ] ; then\n    # print error to STDERR\n    echo \"error: The sandbox is not in sync with the Podfile.lock. Run 'pod install' or update your CocoaPods installation.\" >&2\n    exit 1\nfi\n# This output is used by Xcode 'outputs' to avoid re-running this script phase.\necho \"SUCCESS\" > \"${SCRIPT_OUTPUT_FILE_0}\"\n";
			showEnvVarsInLog = 0;
		};
/* End PBXShellScriptBuildPhase section */

/* Begin PBXSourcesBuildPhase section */
		B18E77F12055143D00C50320 /* Sources */ = {
			isa = PBXSourcesBuildPhase;
			buildActionMask = 2147483647;
			files = (
				295E0741206F943800BC4ADB /* VideoGallaryView.m in Sources */,
				B138A0C920B72F5600835899 /* OptionWithCell.m in Sources */,
				B16C72AE20B97FFA0041C6B9 /* ProfileView.m in Sources */,
				294B5C4B205A9D2B00794D47 /* MenuListCollectCELL.m in Sources */,
				B18E77FD2055143E00C50320 /* AppDelegate.m in Sources */,
				297D5F0920565F3A00ED5428 /* DEMOLeftMenuViewController.m in Sources */,
				51094AA320B71A0000A60634 /* EHRoundedHorizontalViewCell.m in Sources */,
				51094AA720B71ADF00A60634 /* SlideMenuVC.m in Sources */,
				297D5F0C205662DA00ED5428 /* HomeVC.m in Sources */,
				297D5F0820565F3A00ED5428 /* DEMORootViewController.m in Sources */,
				297D5EF92056556000ED5428 /* RegisterVW.m in Sources */,
				51094AA220B71A0000A60634 /* EHHorizontalViewCell.m in Sources */,
				51094AAD20B72D7900A60634 /* ForgotPasswordVC.m in Sources */,
				B14ECF9420B8883200286D46 /* ASJTag.m in Sources */,
				297D5F0520565F3A00ED5428 /* RECommonFunctions.m in Sources */,
				B1B9F1D620BA7E7A008D2FAD /* ASProgressPopUpView.m in Sources */,
				51094AAA20B7224800A60634 /* ItemCell.m in Sources */,
				295E0737206F772100BC4ADB /* NewsFullView.m in Sources */,
				295E0730206F720F00BC4ADB /* ReservationVW.m in Sources */,
				297D5F0620565F3A00ED5428 /* RESideMenu.m in Sources */,
				B1B9F1D520BA7E7A008D2FAD /* ASPopUpView.m in Sources */,
				5126749A20B9DBCC002321F7 /* CategoryItemCell.m in Sources */,
				295E0731206F720F00BC4ADB /* ReservationSubVW.m in Sources */,
				297D5EBC2056455400ED5428 /* StartUpVW.m in Sources */,
				295E0744206F951C00BC4ADB /* VideoCell.m in Sources */,
				5105385B20B88337003DF489 /* SharedClass.m in Sources */,
				297D5EBF2056493400ED5428 /* LoginVW.m in Sources */,
				51094AA120B71A0000A60634 /* EHHorizontalSelectionView.m in Sources */,
				51094AA020B71A0000A60634 /* EHHorizontalLineViewCell.m in Sources */,
				B1B744662069502A00A2FE9C /* Reachability.m in Sources */,
				295E0734206F771800BC4ADB /* NewsVW.m in Sources */,
				B18E77FA2055143E00C50320 /* main.m in Sources */,
				295E073B206F773D00BC4ADB /* NewsCell.m in Sources */,
				B14ECF9620B8883200286D46 /* ASJTagsView.m in Sources */,
				B138A0C520B72D1900835899 /* OptionView.m in Sources */,
				295CD5AF206A27D1002129FD /* CVCell.m in Sources */,
				297D5F0720565F3A00ED5428 /* UIViewController+RESideMenu.m in Sources */,
				2968F8AC2070CDF2004B5960 /* ContactUSVW.m in Sources */,
				B1B7446120694F9400A2FE9C /* Utility.m in Sources */,
				295CD5B3206A27F6002129FD /* GalleryFullView.m in Sources */,
				295CD5AB206A2725002129FD /* GalleryVW.m in Sources */,
			);
			runOnlyForDeploymentPostprocessing = 0;
		};
/* End PBXSourcesBuildPhase section */

/* Begin PBXVariantGroup section */
		B18E78062055143E00C50320 /* LaunchScreen.storyboard */ = {
			isa = PBXVariantGroup;
			children = (
				B18E78072055143E00C50320 /* Base */,
			);
			name = LaunchScreen.storyboard;
			sourceTree = "<group>";
		};
/* End PBXVariantGroup section */

/* Begin XCBuildConfiguration section */
		B18E780A2055143E00C50320 /* Debug */ = {
			isa = XCBuildConfiguration;
			buildSettings = {
				ALWAYS_SEARCH_USER_PATHS = NO;
				CLANG_ANALYZER_NONNULL = YES;
				CLANG_ANALYZER_NUMBER_OBJECT_CONVERSION = YES_AGGRESSIVE;
				CLANG_CXX_LANGUAGE_STANDARD = "gnu++0x";
				CLANG_CXX_LIBRARY = "libc++";
				CLANG_ENABLE_MODULES = YES;
				CLANG_ENABLE_OBJC_ARC = YES;
				CLANG_WARN_BOOL_CONVERSION = YES;
				CLANG_WARN_CONSTANT_CONVERSION = YES;
				CLANG_WARN_DIRECT_OBJC_ISA_USAGE = YES_ERROR;
				CLANG_WARN_DOCUMENTATION_COMMENTS = YES;
				CLANG_WARN_EMPTY_BODY = YES;
				CLANG_WARN_ENUM_CONVERSION = YES;
				CLANG_WARN_INFINITE_RECURSION = YES;
				CLANG_WARN_INT_CONVERSION = YES;
				CLANG_WARN_OBJC_ROOT_CLASS = YES_ERROR;
				CLANG_WARN_SUSPICIOUS_MOVE = YES;
				CLANG_WARN_UNREACHABLE_CODE = YES;
				CLANG_WARN__DUPLICATE_METHOD_MATCH = YES;
				"CODE_SIGN_IDENTITY[sdk=iphoneos*]" = "iPhone Developer";
				COPY_PHASE_STRIP = NO;
				DEBUG_INFORMATION_FORMAT = dwarf;
				ENABLE_STRICT_OBJC_MSGSEND = YES;
				ENABLE_TESTABILITY = YES;
				GCC_C_LANGUAGE_STANDARD = gnu99;
				GCC_DYNAMIC_NO_PIC = NO;
				GCC_NO_COMMON_BLOCKS = YES;
				GCC_OPTIMIZATION_LEVEL = 0;
				GCC_PREPROCESSOR_DEFINITIONS = (
					"DEBUG=1",
					"$(inherited)",
				);
				GCC_WARN_64_TO_32_BIT_CONVERSION = YES;
				GCC_WARN_ABOUT_RETURN_TYPE = YES_ERROR;
				GCC_WARN_UNDECLARED_SELECTOR = YES;
				GCC_WARN_UNINITIALIZED_AUTOS = YES_AGGRESSIVE;
				GCC_WARN_UNUSED_FUNCTION = YES;
				GCC_WARN_UNUSED_VARIABLE = YES;
				IPHONEOS_DEPLOYMENT_TARGET = 10.3;
				MTL_ENABLE_DEBUG_INFO = YES;
				ONLY_ACTIVE_ARCH = YES;
				SDKROOT = iphoneos;
			};
			name = Debug;
		};
		B18E780B2055143E00C50320 /* Release */ = {
			isa = XCBuildConfiguration;
			buildSettings = {
				ALWAYS_SEARCH_USER_PATHS = NO;
				CLANG_ANALYZER_NONNULL = YES;
				CLANG_ANALYZER_NUMBER_OBJECT_CONVERSION = YES_AGGRESSIVE;
				CLANG_CXX_LANGUAGE_STANDARD = "gnu++0x";
				CLANG_CXX_LIBRARY = "libc++";
				CLANG_ENABLE_MODULES = YES;
				CLANG_ENABLE_OBJC_ARC = YES;
				CLANG_WARN_BOOL_CONVERSION = YES;
				CLANG_WARN_CONSTANT_CONVERSION = YES;
				CLANG_WARN_DIRECT_OBJC_ISA_USAGE = YES_ERROR;
				CLANG_WARN_DOCUMENTATION_COMMENTS = YES;
				CLANG_WARN_EMPTY_BODY = YES;
				CLANG_WARN_ENUM_CONVERSION = YES;
				CLANG_WARN_INFINITE_RECURSION = YES;
				CLANG_WARN_INT_CONVERSION = YES;
				CLANG_WARN_OBJC_ROOT_CLASS = YES_ERROR;
				CLANG_WARN_SUSPICIOUS_MOVE = YES;
				CLANG_WARN_UNREACHABLE_CODE = YES;
				CLANG_WARN__DUPLICATE_METHOD_MATCH = YES;
				"CODE_SIGN_IDENTITY[sdk=iphoneos*]" = "iPhone Developer";
				COPY_PHASE_STRIP = NO;
				DEBUG_INFORMATION_FORMAT = "dwarf-with-dsym";
				ENABLE_NS_ASSERTIONS = NO;
				ENABLE_STRICT_OBJC_MSGSEND = YES;
				GCC_C_LANGUAGE_STANDARD = gnu99;
				GCC_NO_COMMON_BLOCKS = YES;
				GCC_WARN_64_TO_32_BIT_CONVERSION = YES;
				GCC_WARN_ABOUT_RETURN_TYPE = YES_ERROR;
				GCC_WARN_UNDECLARED_SELECTOR = YES;
				GCC_WARN_UNINITIALIZED_AUTOS = YES_AGGRESSIVE;
				GCC_WARN_UNUSED_FUNCTION = YES;
				GCC_WARN_UNUSED_VARIABLE = YES;
				IPHONEOS_DEPLOYMENT_TARGET = 10.3;
				MTL_ENABLE_DEBUG_INFO = NO;
				SDKROOT = iphoneos;
				VALIDATE_PRODUCT = YES;
			};
			name = Release;
		};
		B18E780D2055143E00C50320 /* Debug */ = {
			isa = XCBuildConfiguration;
			baseConfigurationReference = 3CD83B87AB40AD090BA3594E /* Pods-SaltPepper.debug.xcconfig */;
			buildSettings = {
				ASSETCATALOG_COMPILER_APPICON_NAME = AppIcon;
				DEVELOPMENT_TEAM = "";
				GCC_NO_COMMON_BLOCKS = YES;
				GCC_PREFIX_HEADER = "$(SRCROOT)/$(PROJECT_NAME)/saltPepper.pch";
				INFOPLIST_FILE = SaltPepper/Info.plist;
				IPHONEOS_DEPLOYMENT_TARGET = 10.0;
				LD_RUNPATH_SEARCH_PATHS = "$(inherited) @executable_path/Frameworks";
				ONLY_ACTIVE_ARCH = YES;
				OTHER_LDFLAGS = (
					"$(inherited)",
					"-l\"AFNetworking\"",
					"-l\"IQKeyboardManager\"",
					"-l\"MBProgressHUD\"",
					"-l\"SDWebImage\"",
					"-framework",
					"\"CoreGraphics\"",
					"-framework",
					"\"Foundation\"",
					"-framework",
					"\"ImageIO\"",
					"-framework",
					"\"MobileCoreServices\"",
					"-framework",
					"\"QuartzCore\"",
					"-framework",
					"\"Security\"",
					"-framework",
					"\"SystemConfiguration\"",
					"-framework",
					"\"UIKit\"",
					"-ObjC",
				);
				PRODUCT_BUNDLE_IDENTIFIER = com.indiacottageapp;
				PRODUCT_NAME = "$(TARGET_NAME)";
				PROVISIONING_PROFILE_SPECIFIER = "";
			};
			name = Debug;
		};
		B18E780E2055143E00C50320 /* Release */ = {
			isa = XCBuildConfiguration;
			baseConfigurationReference = EB4D7B11EDDF068EAB13BA59 /* Pods-SaltPepper.release.xcconfig */;
			buildSettings = {
				ASSETCATALOG_COMPILER_APPICON_NAME = AppIcon;
				DEVELOPMENT_TEAM = "";
				GCC_NO_COMMON_BLOCKS = YES;
				GCC_PREFIX_HEADER = "$(SRCROOT)/$(PROJECT_NAME)/saltPepper.pch";
				INFOPLIST_FILE = SaltPepper/Info.plist;
				IPHONEOS_DEPLOYMENT_TARGET = 10.0;
				LD_RUNPATH_SEARCH_PATHS = "$(inherited) @executable_path/Frameworks";
				ONLY_ACTIVE_ARCH = YES;
				OTHER_LDFLAGS = (
					"$(inherited)",
					"-l\"AFNetworking\"",
					"-l\"IQKeyboardManager\"",
					"-l\"MBProgressHUD\"",
					"-l\"SDWebImage\"",
					"-framework",
					"\"CoreGraphics\"",
					"-framework",
					"\"Foundation\"",
					"-framework",
					"\"ImageIO\"",
					"-framework",
					"\"MobileCoreServices\"",
					"-framework",
					"\"QuartzCore\"",
					"-framework",
					"\"Security\"",
					"-framework",
					"\"SystemConfiguration\"",
					"-framework",
					"\"UIKit\"",
					"-ObjC",
				);
				PRODUCT_BUNDLE_IDENTIFIER = com.indiacottageapp;
				PRODUCT_NAME = "$(TARGET_NAME)";
				PROVISIONING_PROFILE_SPECIFIER = "";
			};
			name = Release;
		};
/* End XCBuildConfiguration section */

/* Begin XCConfigurationList section */
		B18E77F02055143D00C50320 /* Build configuration list for PBXProject "SaltPepper" */ = {
			isa = XCConfigurationList;
			buildConfigurations = (
				B18E780A2055143E00C50320 /* Debug */,
				B18E780B2055143E00C50320 /* Release */,
			);
			defaultConfigurationIsVisible = 0;
			defaultConfigurationName = Release;
		};
		B18E780C2055143E00C50320 /* Build configuration list for PBXNativeTarget "SaltPepper" */ = {
			isa = XCConfigurationList;
			buildConfigurations = (
				B18E780D2055143E00C50320 /* Debug */,
				B18E780E2055143E00C50320 /* Release */,
			);
			defaultConfigurationIsVisible = 0;
			defaultConfigurationName = Release;
		};
/* End XCConfigurationList section */
	};
	rootObject = B18E77ED2055143D00C50320 /* Project object */;
}
